
Microsoft Visual Studio Solution File, Format Version 12.00
# Visual Studio 15
Project("{FAE04EC0-301F-11D3-BF4B-00C04F79EFBC}") = "colours", "Assembly-CSharp.csproj", "{CCB564A3-E7F2-5666-4C8E-C3298F9DD613}"
EndProject
Global
	GlobalSection(SolutionConfigurationPlatforms) = preSolution
		Debug|Any CPU = Debug|Any CPU
		Release|Any CPU = Release|Any CPU
	EndGlobalSection
	GlobalSection(ProjectConfigurationPlatforms) = postSolution
		{CCB564A3-E7F2-5666-4C8E-C3298F9DD613}.Debug|Any CPU.ActiveCfg = Debug|Any CPU
		{CCB564A3-E7F2-5666-4C8E-C3298F9DD613}.Debug|Any CPU.Build.0 = Debug|Any CPU
		{CCB564A3-E7F2-5666-4C8E-C3298F9DD613}.Release|Any CPU.ActiveCfg = Release|Any CPU
		{CCB564A3-E7F2-5666-4C8E-C3298F9DD613}.Release|Any CPU.Build.0 = Release|Any CPU
	EndGlobalSection
	GlobalSection(SolutionProperties) = preSolution
		HideSolutionNode = FALSE
	EndGlobalSection
EndGlobal
